# This file is autogenerated, do not edit; changes may be undone by the next 'dep ensure'.


[[projects]]
  digest = "1:65c9e58c85d0791b146dc7f4387330329204a70fb34532e7ffce71a2f04f59a2"
  name = "github.com/gdamore/encoding"
  packages = ["."]
  pruneopts = ""
  revision = "6289cdc94c00ac4aa177771c5fce7af2f96b626d"
  version = "v1.0.0"

[[projects]]
  branch = "master"
  digest = "1:32fbb94c71dea82de77d99d2a639213770be32994cae305da694106d6b650174"
  name = "github.com/gdamore/tcell"
  packages = [
    ".",
    "terminfo",
  ]
  pruneopts = ""
  revision = "aaadc574a6ed8dc3abe56036ca130dcee1ee6b6e"

[[projects]]
  digest = "1:863ba095ae0954100963826333bd1503c169424bb798d9ce800d9f6651f4c234"
  name = "github.com/lucasb-eyer/go-colorful"
  packages = ["."]
  pruneopts = ""
  revision = "345fbb3dbcdb252d9985ee899a84963c0fa24c82"
  version = "v1.0"

[[projects]]
  digest = "1:84c28d9899cc4e00c38042d345cea8819275a5a62403a58530cac67022894776"
  name = "github.com/mattn/go-runewidth"
  packages = ["."]
  pruneopts = ""
  revision = "3ee7d812e62a0804a7d0a324e0249ca2db3476d3"
  version = "v0.0.4"

[[projects]]
  digest = "1:6dbb0eb72090871f2e58d1e37973fe3cb8c0f45f49459398d3fc740cb30e13bd"
  name = "github.com/mitchellh/go-homedir"
  packages = ["."]
  pruneopts = ""
  revision = "af06845cf3004701891bf4fdb884bfe4920b3727"
  version = "v1.1.0"

[[projects]]
  digest = "1:5acd3512b047305d49e8763eef7ba423901e85d5dd2fd1e71778a0ea8de10bd4"
  name = "golang.org/x/text"
  packages = [
    "encoding",
    "encoding/internal/identifier",
    "internal/gen",
    "transform",
    "unicode/cldr",
  ]
  pruneopts = ""
  revision = "f21a4dfb5e38f5895301dc265a8def02365cc3d0"
  version = "v0.3.0"

[solve-meta]
  analyzer-name = "dep"
  analyzer-version = 1
  input-imports = [
    "github.com/gdamore/tcell",
    "github.com/mattn/go-runewidth",
    "github.com/mitchellh/go-homedir",
  ]
  solver-name = "gps-cdcl"
  solver-version = 1
